// !$*UTF8*$!
{
	archiveVersion = 1;
	classes = {
	};
	objectVersion = 46;
	objects = {

/* Begin PBXBuildFile section */
		6AA121131F4B2FF300C071CD /* AppDelegate.m in Sources */ = {isa = PBXBuildFile; fileRef = 6AA121121F4B2FF300C071CD /* AppDelegate.m */; };
		6AA121161F4B2FF300C071CD /* main.m in Sources */ = {isa = PBXBuildFile; fileRef = 6AA121151F4B2FF300C071CD /* main.m */; };
		6AA121191F4B2FF300C071CD /* ViewController.m in Sources */ = {isa = PBXBuildFile; fileRef = 6AA121181F4B2FF300C071CD /* ViewController.m */; };
		6AA1211B1F4B2FF300C071CD /* Assets.xcassets in Resources */ = {isa = PBXBuildFile; fileRef = 6AA1211A1F4B2FF300C071CD /* Assets.xcassets */; };
		6AA1211E1F4B2FF300C071CD /* Main.storyboard in Resources */ = {isa = PBXBuildFile; fileRef = 6AA1211C1F4B2FF300C071CD /* Main.storyboard */; };
		6AA121271F4B309B00C071CD /* LJOpenGLView.mm in Sources */ = {isa = PBXBuildFile; fileRef = 6AA121261F4B309B00C071CD /* LJOpenGLView.mm */; };
		6AA1212B1F4B33BC00C071CD /* LJScene.cpp in Sources */ = {isa = PBXBuildFile; fileRef = 6AA1212A1F4B33BC00C071CD /* LJScene.cpp */; };
		6AAF11C71F4DDDF300E8968B /* Resource in Resources */ = {isa = PBXBuildFile; fileRef = 6AAF11C61F4DDDF300E8968B /* Resource */; };
		6AAF11CA1F4DDE0E00E8968B /* utils.cpp in Sources */ = {isa = PBXBuildFile; fileRef = 6AAF11C81F4DDE0E00E8968B /* utils.cpp */; };
/* End PBXBuildFile section */

/* Begin PBXFileReference section */
		6AA1210E1F4B2FF300C071CD /* MyOpenGL.app */ = {isa = PBXFileReference; explicitFileType = wrapper.application; includeInIndex = 0; path = MyOpenGL.app; sourceTree = BUILT_PRODUCTS_DIR; };
		6AA121111F4B2FF300C071CD /* AppDelegate.h */ = {isa = PBXFileReference; lastKnownFileType = sourcecode.c.h; path = AppDelegate.h; sourceTree = "<group>"; };
		6AA121121F4B2FF300C071CD /* AppDelegate.m */ = {isa = PBXFileReference; lastKnownFileType = sourcecode.c.objc; path = AppDelegate.m; sourceTree = "<group>"; };
		6AA121151F4B2FF300C071CD /* main.m */ = {isa = PBXFileReference; lastKnownFileType = sourcecode.c.objc; path = main.m; sourceTree = "<group>"; };
		6AA121171F4B2FF300C071CD /* ViewController.h */ = {isa = PBXFileReference; lastKnownFileType = sourcecode.c.h; path = ViewController.h; sourceTree = "<group>"; };
		6AA121181F4B2FF300C071CD /* ViewController.m */ = {isa = PBXFileReference; lastKnownFileType = sourcecode.c.objc; path = ViewController.m; sourceTree = "<group>"; };
		6AA1211A1F4B2FF300C071CD /* Assets.xcassets */ = {isa = PBXFileReference; lastKnownFileType = folder.assetcatalog; path = Assets.xcassets; sourceTree = "<group>"; };
		6AA1211D1F4B2FF300C071CD /* Base */ = {isa = PBXFileReference; lastKnownFileType = file.storyboard; name = Base; path = Base.lproj/Main.storyboard; sourceTree = "<group>"; };
		6AA1211F1F4B2FF300C071CD /* Info.plist */ = {isa = PBXFileReference; lastKnownFileType = text.plist.xml; path = Info.plist; sourceTree = "<group>"; };
		6AA121251F4B309B00C071CD /* LJOpenGLView.h */ = {isa = PBXFileReference; fileEncoding = 4; lastKnownFileType = sourcecode.c.h; path = LJOpenGLView.h; sourceTree = "<group>"; };
		6AA121261F4B309B00C071CD /* LJOpenGLView.mm */ = {isa = PBXFileReference; fileEncoding = 4; lastKnownFileType = sourcecode.cpp.objcpp; path = LJOpenGLView.mm; sourceTree = "<group>"; };
		6AA121281F4B312C00C071CD /* LJGL.h */ = {isa = PBXFileReference; lastKnownFileType = sourcecode.c.h; path = LJGL.h; sourceTree = "<group>"; };
		6AA121291F4B337500C071CD /* LJScene.h */ = {isa = PBXFileReference; lastKnownFileType = sourcecode.c.h; path = LJScene.h; sourceTree = "<group>"; };
		6AA1212A1F4B33BC00C071CD /* LJScene.cpp */ = {isa = PBXFileReference; fileEncoding = 4; lastKnownFileType = sourcecode.cpp.cpp; path = LJScene.cpp; sourceTree = "<group>"; };
		6AAF11C61F4DDDF300E8968B /* Resource */ = {isa = PBXFileReference; lastKnownFileType = folder; path = Resource; sourceTree = "<group>"; };
		6AAF11C81F4DDE0E00E8968B /* utils.cpp */ = {isa = PBXFileReference; fileEncoding = 4; lastKnownFileType = sourcecode.cpp.cpp; path = utils.cpp; sourceTree = "<group>"; };
		6AAF11C91F4DDE0E00E8968B /* utils.h */ = {isa = PBXFileReference; fileEncoding = 4; lastKnownFileType = sourcecode.c.h; path = utils.h; sourceTree = "<group>"; };
/* End PBXFileReference section */

/* Begin PBXFrameworksBuildPhase section */
		6AA1210B1F4B2FF300C071CD /* Frameworks */ = {
			isa = PBXFrameworksBuildPhase;
			buildActionMask = 2147483647;
			files = (
			);
			runOnlyForDeploymentPostprocessing = 0;
		};
/* End PBXFrameworksBuildPhase section */

/* Begin PBXGroup section */
		6AA121051F4B2FF200C071CD = {
			isa = PBXGroup;
			children = (
				6AA121101F4B2FF300C071CD /* MyOpenGL */,
				6AA1210F1F4B2FF300C071CD /* Products */,
			);
			sourceTree = "<group>";
		};
		6AA1210F1F4B2FF300C071CD /* Products */ = {
			isa = PBXGroup;
			children = (
				6AA1210E1F4B2FF300C071CD /* MyOpenGL.app */,
			);
			name = Products;
			sourceTree = "<group>";
		};
		6AA121101F4B2FF300C071CD /* MyOpenGL */ = {
			isa = PBXGroup;
			children = (
				6AAF11C61F4DDDF300E8968B /* Resource */,
				6AA121111F4B2FF300C071CD /* AppDelegate.h */,
				6AA121121F4B2FF300C071CD /* AppDelegate.m */,
				6AA121171F4B2FF300C071CD /* ViewController.h */,
				6AA121181F4B2FF300C071CD /* ViewController.m */,
				6AA121251F4B309B00C071CD /* LJOpenGLView.h */,
				6AA121261F4B309B00C071CD /* LJOpenGLView.mm */,
				6AA121281F4B312C00C071CD /* LJGL.h */,
				6AA121291F4B337500C071CD /* LJScene.h */,
				6AA1212A1F4B33BC00C071CD /* LJScene.cpp */,
				6AAF11C91F4DDE0E00E8968B /* utils.h */,
				6AAF11C81F4DDE0E00E8968B /* utils.cpp */,
				6AA1211A1F4B2FF300C071CD /* Assets.xcassets */,
				6AA1211C1F4B2FF300C071CD /* Main.storyboard */,
				6AA1211F1F4B2FF300C071CD /* Info.plist */,
				6AA121141F4B2FF300C071CD /* Supporting Files */,
			);
			path = MyOpenGL;
			sourceTree = "<group>";
		};
		6AA121141F4B2FF300C071CD /* Supporting Files */ = {
			isa = PBXGroup;
			children = (
				6AA121151F4B2FF300C071CD /* main.m */,
			);
			name = "Supporting Files";
			sourceTree = "<group>";
		};
/* End PBXGroup section */

/* Begin PBXNativeTarget section */
		6AA1210D1F4B2FF300C071CD /* MyOpenGL */ = {
			isa = PBXNativeTarget;
			buildConfigurationList = 6AA121221F4B2FF300C071CD /* Build configuration list for PBXNativeTarget "MyOpenGL" */;
			buildPhases = (
				6AA1210A1F4B2FF300C071CD /* Sources */,
				6AA1210B1F4B2FF300C071CD /* Frameworks */,
				6AA1210C1F4B2FF300C071CD /* Resources */,
			);
			buildRules = (
			);
			dependencies = (
			);
			name = MyOpenGL;
			productName = MyOpenGL;
			productReference = 6AA1210E1F4B2FF300C071CD /* MyOpenGL.app */;
			productType = "com.apple.product-type.application";
		};
/* End PBXNativeTarget section */

/* Begin PBXProject section */
		6AA121061F4B2FF200C071CD /* Project object */ = {
			isa = PBXProject;
			attributes = {
				LastUpgradeCheck = 0830;
				ORGANIZATIONNAME = LiJie;
				TargetAttributes = {
					6AA1210D1F4B2FF300C071CD = {
						CreatedOnToolsVersion = 8.3;
						DevelopmentTeam = KKHXU36BGT;
						ProvisioningStyle = Automatic;
					};
				};
			};
			buildConfigurationList = 6AA121091F4B2FF200C071CD /* Build configuration list for PBXProject "MyOpenGL" */;
			compatibilityVersion = "Xcode 3.2";
			developmentRegion = English;
			hasScannedForEncodings = 0;
			knownRegions = (
				en,
				Base,
			);
			mainGroup = 6AA121051F4B2FF200C071CD;
			productRefGroup = 6AA1210F1F4B2FF300C071CD /* Products */;
			projectDirPath = "";
			projectRoot = "";
			targets = (
				6AA1210D1F4B2FF300C071CD /* MyOpenGL */,
			);
		};
/* End PBXProject section */

/* Begin PBXResourcesBuildPhase section */
		6AA1210C1F4B2FF300C071CD /* Resources */ = {
			isa = PBXResourcesBuildPhase;
			buildActionMask = 2147483647;
			files = (
				6AAF11C71F4DDDF300E8968B /* Resource in Resources */,
				6AA1211B1F4B2FF300C071CD /* Assets.xcassets in Resources */,
				6AA1211E1F4B2FF300C071CD /* Main.storyboard in Resources */,
			);
			runOnlyForDeploymentPostprocessing = 0;
		};
/* End PBXResourcesBuildPhase section */

/* Begin PBXSourcesBuildPhase section */
		6AA1210A1F4B2FF300C071CD /* Sources */ = {
			isa = PBXSourcesBuildPhase;
			buildActionMask = 2147483647;
			files = (
				6AA121191F4B2FF300C071CD /* ViewController.m in Sources */,
				6AA121161F4B2FF300C071CD /* main.m in Sources */,
				6AA121131F4B2FF300C071CD /* AppDelegate.m in Sources */,
				6AAF11CA1F4DDE0E00E8968B /* utils.cpp in Sources */,
				6AA1212B1F4B33BC00C071CD /* LJScene.cpp in Sources */,
				6AA121271F4B309B00C071CD /* LJOpenGLView.mm in Sources */,
			);
			runOnlyForDeploymentPostprocessing = 0;
		};
/* End PBXSourcesBuildPhase section */

/* Begin PBXVariantGroup section */
		6AA1211C1F4B2FF300C071CD /* Main.storyboard */ = {
			isa = PBXVariantGroup;
			children = (
				6AA1211D1F4B2FF300C071CD /* Base */,
			);
			name = Main.storyboard;
			sourceTree = "<group>";
		};
/* End PBXVariantGroup section */

/* Begin XCBuildConfiguration section */
		6AA121201F4B2FF300C071CD /* Debug */ = {
			isa = XCBuildConfiguration;
			buildSettings = {
				ALWAYS_SEARCH_USER_PATHS = NO;
				CLANG_ANALYZER_NONNULL = YES;
				CLANG_ANALYZER_NUMBER_OBJECT_CONVERSION = YES_AGGRESSIVE;
				CLANG_CXX_LANGUAGE_STANDARD = "gnu++0x";
				CLANG_CXX_LIBRARY = "libc++";
				CLANG_ENABLE_MODULES = YES;
				CLANG_ENABLE_OBJC_ARC = YES;
				CLANG_WARN_BOOL_CONVERSION = YES;
				CLANG_WARN_CONSTANT_CONVERSION = YES;
				CLANG_WARN_DIRECT_OBJC_ISA_USAGE = YES_ERROR;
				CLANG_WARN_DOCUMENTATION_COMMENTS = YES;
				CLANG_WARN_EMPTY_BODY = YES;
				CLANG_WARN_ENUM_CONVERSION = YES;
				CLANG_WARN_INFINITE_RECURSION = YES;
				CLANG_WARN_INT_CONVERSION = YES;
				CLANG_WARN_OBJC_ROOT_CLASS = YES_ERROR;
				CLANG_WARN_SUSPICIOUS_MOVE = YES;
				CLANG_WARN_UNREACHABLE_CODE = YES;
				CLANG_WARN__DUPLICATE_METHOD_MATCH = YES;
				CODE_SIGN_IDENTITY = "-";
				COPY_PHASE_STRIP = NO;
				DEBUG_INFORMATION_FORMAT = dwarf;
				ENABLE_STRICT_OBJC_MSGSEND = YES;
				ENABLE_TESTABILITY = YES;
				GCC_C_LANGUAGE_STANDARD = gnu99;
				GCC_DYNAMIC_NO_PIC = NO;
				GCC_NO_COMMON_BLOCKS = YES;
				GCC_OPTIMIZATION_LEVEL = 0;
				GCC_PREPROCESSOR_DEFINITIONS = (
					"DEBUG=1",
					"$(inherited)",
				);
				GCC_WARN_64_TO_32_BIT_CONVERSION = YES;
				GCC_WARN_ABOUT_RETURN_TYPE = YES_ERROR;
				GCC_WARN_UNDECLARED_SELECTOR = YES;
				GCC_WARN_UNINITIALIZED_AUTOS = YES_AGGRESSIVE;
				GCC_WARN_UNUSED_FUNCTION = YES;
				GCC_WARN_UNUSED_VARIABLE = YES;
				MACOSX_DEPLOYMENT_TARGET = 10.8;
				MTL_ENABLE_DEBUG_INFO = YES;
				ONLY_ACTIVE_ARCH = YES;
				SDKROOT = macosx;
			};
			name = Debug;
		};
		6AA121211F4B2FF300C071CD /* Release */ = {
			isa = XCBuildConfiguration;
			buildSettings = {
				ALWAYS_SEARCH_USER_PATHS = NO;
				CLANG_ANALYZER_NONNULL = YES;
				CLANG_ANALYZER_NUMBER_OBJECT_CONVERSION = YES_AGGRESSIVE;
				CLANG_CXX_LANGUAGE_STANDARD = "gnu++0x";
				CLANG_CXX_LIBRARY = "libc++";
				CLANG_ENABLE_MODULES = YES;
				CLANG_ENABLE_OBJC_ARC = YES;
				CLANG_WARN_BOOL_CONVERSION = YES;
				CLANG_WARN_CONSTANT_CONVERSION = YES;
				CLANG_WARN_DIRECT_OBJC_ISA_USAGE = YES_ERROR;
				CLANG_WARN_DOCUMENTATION_COMMENTS = YES;
				CLANG_WARN_EMPTY_BODY = YES;
				CLANG_WARN_ENUM_CONVERSION = YES;
				CLANG_WARN_INFINITE_RECURSION = YES;
				CLANG_WARN_INT_CONVERSION = YES;
				CLANG_WARN_OBJC_ROOT_CLASS = YES_ERROR;
				CLANG_WARN_SUSPICIOUS_MOVE = YES;
				CLANG_WARN_UNREACHABLE_CODE = YES;
				CLANG_WARN__DUPLICATE_METHOD_MATCH = YES;
				CODE_SIGN_IDENTITY = "-";
				COPY_PHASE_STRIP = NO;
				DEBUG_INFORMATION_FORMAT = "dwarf-with-dsym";
				ENABLE_NS_ASSERTIONS = NO;
				ENABLE_STRICT_OBJC_MSGSEND = YES;
				GCC_C_LANGUAGE_STANDARD = gnu99;
				GCC_NO_COMMON_BLOCKS = YES;
				GCC_WARN_64_TO_32_BIT_CONVERSION = YES;
				GCC_WARN_ABOUT_RETURN_TYPE = YES_ERROR;
				GCC_WARN_UNDECLARED_SELECTOR = YES;
				GCC_WARN_UNINITIALIZED_AUTOS = YES_AGGRESSIVE;
				GCC_WARN_UNUSED_FUNCTION = YES;
				GCC_WARN_UNUSED_VARIABLE = YES;
				MACOSX_DEPLOYMENT_TARGET = 10.8;
				MTL_ENABLE_DEBUG_INFO = NO;
				SDKROOT = macosx;
			};
			name = Release;
		};
		6AA121231F4B2FF300C071CD /* Debug */ = {
			isa = XCBuildConfiguration;
			buildSettings = {
				ASSETCATALOG_COMPILER_APPICON_NAME = AppIcon;
				COMBINE_HIDPI_IMAGES = YES;
				DEVELOPMENT_TEAM = KKHXU36BGT;
				INFOPLIST_FILE = MyOpenGL/Info.plist;
				LD_RUNPATH_SEARCH_PATHS = "$(inherited) @executable_path/../Frameworks";
				MACOSX_DEPLOYMENT_TARGET = 10.8;
				PRODUCT_BUNDLE_IDENTIFIER = LJ.MyOpenGL;
				PRODUCT_NAME = "$(TARGET_NAME)";
			};
			name = Debug;
		};
		6AA121241F4B2FF300C071CD /* Release */ = {
			isa = XCBuildConfiguration;
			buildSettings = {
				ASSETCATALOG_COMPILER_APPICON_NAME = AppIcon;
				COMBINE_HIDPI_IMAGES = YES;
				DEVELOPMENT_TEAM = KKHXU36BGT;
				INFOPLIST_FILE = MyOpenGL/Info.plist;
				LD_RUNPATH_SEARCH_PATHS = "$(inherited) @executable_path/../Frameworks";
				MACOSX_DEPLOYMENT_TARGET = 10.8;
				PRODUCT_BUNDLE_IDENTIFIER = LJ.MyOpenGL;
				PRODUCT_NAME = "$(TARGET_NAME)";
			};
			name = Release;
		};
/* End XCBuildConfiguration section */

/* Begin XCConfigurationList section */
		6AA121091F4B2FF200C071CD /* Build configuration list for PBXProject "MyOpenGL" */ = {
			isa = XCConfigurationList;
			buildConfigurations = (
				6AA121201F4B2FF300C071CD /* Debug */,
				6AA121211F4B2FF300C071CD /* Release */,
			);
			defaultConfigurationIsVisible = 0;
			defaultConfigurationName = Release;
		};
		6AA121221F4B2FF300C071CD /* Build configuration list for PBXNativeTarget "MyOpenGL" */ = {
			isa = XCConfigurationList;
			buildConfigurations = (
				6AA121231F4B2FF300C071CD /* Debug */,
				6AA121241F4B2FF300C071CD /* Release */,
			);
			defaultConfigurationIsVisible = 0;
			defaultConfigurationName = Release;
		};
/* End XCConfigurationList section */
	};
	rootObject = 6AA121061F4B2FF200C071CD /* Project object */;
}
